
Microsoft Visual Studio Solution File, Format Version 12.00
# Visual Studio Version 17
VisualStudioVersion = 17.6.33829.357
MinimumVisualStudioVersion = 10.0.40219.1
Project("{FAE04EC0-301F-11D3-BF4B-00C04F79EFBC}") = "CityInfo.API", "CityInfo.API\CityInfo.API.csproj", "{EF950D0D-0939-489C-B252-379CD7CF6F4A}"
EndProject
Global
	GlobalSection(SolutionConfigurationPlatforms) = preSolution
		Debug|Any CPU = Debug|Any CPU
		Release|Any CPU = Release|Any CPU
	EndGlobalSection
	GlobalSection(ProjectConfigurationPlatforms) = postSolution
		{EF950D0D-0939-489C-B252-379CD7CF6F4A}.Debug|Any CPU.ActiveCfg = Debug|Any CPU
		{EF950D0D-0939-489C-B252-379CD7CF6F4A}.Debug|Any CPU.Build.0 = Debug|Any CPU
		{EF950D0D-0939-489C-B252-379CD7CF6F4A}.Release|Any CPU.ActiveCfg = Release|Any CPU
		{EF950D0D-0939-489C-B252-379CD7CF6F4A}.Release|Any CPU.Build.0 = Release|Any CPU
	EndGlobalSection
	GlobalSection(SolutionProperties) = preSolution
		HideSolutionNode = FALSE
	EndGlobalSection
	GlobalSection(ExtensibilityGlobals) = postSolution
		SolutionGuid = {62BFB826-EF50-45D7-BFE4-F342E4F36890}
	EndGlobalSection
EndGlobal
